// !$*UTF8*$!
{
	archiveVersion = 1;
	classes = {
	};
	objectVersion = 55;
	objects = {

/* Begin PBXBuildFile section */
		ED12345E2782909000ABF16E /* Launch Screen.storyboard in Resources */ = {isa = PBXBuildFile; fileRef = ED12345D2782909000ABF16E /* Launch Screen.storyboard */; };
		ED152A1D278296A2008D73AC /* Main.storyboard in Resources */ = {isa = PBXBuildFile; fileRef = ED152A1C278296A2008D73AC /* Main.storyboard */; };
		ED5460BB278615240044BE04 /* RecipeSteps.swift in Sources */ = {isa = PBXBuildFile; fileRef = ED5460BA278615240044BE04 /* RecipeSteps.swift */; };
		ED5460BD278623670044BE04 /* Home.swift in Sources */ = {isa = PBXBuildFile; fileRef = ED5460BC278623670044BE04 /* Home.swift */; };
		ED5460BF278627830044BE04 /* Sender.swift in Sources */ = {isa = PBXBuildFile; fileRef = ED5460BE278627830044BE04 /* Sender.swift */; };
		ED5460C1278643EB0044BE04 /* LoadingAuthViewController.swift in Sources */ = {isa = PBXBuildFile; fileRef = ED5460C0278643EB0044BE04 /* LoadingAuthViewController.swift */; };
		ED58684A2784ADA90092C0B5 /* RecipeCardImage.swift in Sources */ = {isa = PBXBuildFile; fileRef = ED5868492784ADA90092C0B5 /* RecipeCardImage.swift */; };
		ED58684C2784B24F0092C0B5 /* ShadowView.swift in Sources */ = {isa = PBXBuildFile; fileRef = ED58684B2784B24F0092C0B5 /* ShadowView.swift */; };
		ED58684E2784C00D0092C0B5 /* CheckBox.swift in Sources */ = {isa = PBXBuildFile; fileRef = ED58684D2784C00D0092C0B5 /* CheckBox.swift */; };
		ED5868512784C4F90092C0B5 /* IngredientCell.swift in Sources */ = {isa = PBXBuildFile; fileRef = ED58684F2784C4F90092C0B5 /* IngredientCell.swift */; };
		ED5868522784C4F90092C0B5 /* IngredientCell.xib in Resources */ = {isa = PBXBuildFile; fileRef = ED5868502784C4F90092C0B5 /* IngredientCell.xib */; };
		ED5868602784F17F0092C0B5 /* PresentationController.swift in Sources */ = {isa = PBXBuildFile; fileRef = ED5868562784F17F0092C0B5 /* PresentationController.swift */; };
		ED5868612784F17F0092C0B5 /* LoginView.xib in Resources */ = {isa = PBXBuildFile; fileRef = ED5868572784F17F0092C0B5 /* LoginView.xib */; };
		ED5868622784F17F0092C0B5 /* RegisterView.xib in Resources */ = {isa = PBXBuildFile; fileRef = ED5868582784F17F0092C0B5 /* RegisterView.xib */; };
		ED5868642784F17F0092C0B5 /* Auth.storyboard in Resources */ = {isa = PBXBuildFile; fileRef = ED58685A2784F17F0092C0B5 /* Auth.storyboard */; };
		ED5868652784F17F0092C0B5 /* SlideWindow.swift in Sources */ = {isa = PBXBuildFile; fileRef = ED58685C2784F17F0092C0B5 /* SlideWindow.swift */; };
		ED5868662784F17F0092C0B5 /* LoginViewController.swift in Sources */ = {isa = PBXBuildFile; fileRef = ED58685D2784F17F0092C0B5 /* LoginViewController.swift */; };
		ED5868672784F17F0092C0B5 /* AuthController.swift in Sources */ = {isa = PBXBuildFile; fileRef = ED58685E2784F17F0092C0B5 /* AuthController.swift */; };
		ED5868682784F17F0092C0B5 /* RegisterViewController.swift in Sources */ = {isa = PBXBuildFile; fileRef = ED58685F2784F17F0092C0B5 /* RegisterViewController.swift */; };
		EDA02FCD27874D4F00BB5BBE /* GroceryListCell.swift in Sources */ = {isa = PBXBuildFile; fileRef = EDA02FCB27874D4F00BB5BBE /* GroceryListCell.swift */; };
		EDA02FCE27874D4F00BB5BBE /* GroceryListCell.xib in Resources */ = {isa = PBXBuildFile; fileRef = EDA02FCC27874D4F00BB5BBE /* GroceryListCell.xib */; };
		EDA02FD02787528900BB5BBE /* RecipeModel.swift in Sources */ = {isa = PBXBuildFile; fileRef = EDA02FCF2787528900BB5BBE /* RecipeModel.swift */; };
		EDA5754C2783B8B800942E60 /* FilterViewController.swift in Sources */ = {isa = PBXBuildFile; fileRef = EDA5754B2783B8B800942E60 /* FilterViewController.swift */; };
		EDA575522783CF0400942E60 /* RecieptListViewController.swift in Sources */ = {isa = PBXBuildFile; fileRef = EDA575512783CF0400942E60 /* RecieptListViewController.swift */; };
		EDBB01B327821BD00052A190 /* AppDelegate.swift in Sources */ = {isa = PBXBuildFile; fileRef = EDBB01B227821BD00052A190 /* AppDelegate.swift */; };
		EDBB01B527821BD00052A190 /* SceneDelegate.swift in Sources */ = {isa = PBXBuildFile; fileRef = EDBB01B427821BD00052A190 /* SceneDelegate.swift */; };
		EDBB01BC27821BD00052A190 /* Assets.xcassets in Resources */ = {isa = PBXBuildFile; fileRef = EDBB01BB27821BD00052A190 /* Assets.xcassets */; };
		EDBB01CA27821BD10052A190 /* ItEasyTests.swift in Sources */ = {isa = PBXBuildFile; fileRef = EDBB01C927821BD10052A190 /* ItEasyTests.swift */; };
		EDBB01D427821BD10052A190 /* ItEasyUITests.swift in Sources */ = {isa = PBXBuildFile; fileRef = EDBB01D327821BD10052A190 /* ItEasyUITests.swift */; };
		EDBB01D627821BD10052A190 /* ItEasyUITestsLaunchTests.swift in Sources */ = {isa = PBXBuildFile; fileRef = EDBB01D527821BD10052A190 /* ItEasyUITestsLaunchTests.swift */; };
		EDBB01E427822E570052A190 /* CardSlider in Frameworks */ = {isa = PBXBuildFile; productRef = EDBB01E327822E570052A190 /* CardSlider */; };
		EDBB020727824E780052A190 /* ActualGradientButton.swift in Sources */ = {isa = PBXBuildFile; fileRef = EDBB020627824E780052A190 /* ActualGradientButton.swift */; };
		EDF8D0B72783E1B6009887D0 /* RecipeCard.swift in Sources */ = {isa = PBXBuildFile; fileRef = EDF8D0B62783E1B6009887D0 /* RecipeCard.swift */; };
		EDF8D0BD2783E74B009887D0 /* RecieptCell.swift in Sources */ = {isa = PBXBuildFile; fileRef = EDF8D0BB2783E74B009887D0 /* RecieptCell.swift */; };
		EDF8D0BE2783E74B009887D0 /* RecieptCell.xib in Resources */ = {isa = PBXBuildFile; fileRef = EDF8D0BC2783E74B009887D0 /* RecieptCell.xib */; };
		EDF8D0C22783FC1C009887D0 /* RecipeCard.storyboard in Resources */ = {isa = PBXBuildFile; fileRef = EDF8D0C12783FC1C009887D0 /* RecipeCard.storyboard */; };
/* End PBXBuildFile section */

/* Begin PBXContainerItemProxy section */
		EDBB01C627821BD10052A190 /* PBXContainerItemProxy */ = {
			isa = PBXContainerItemProxy;
			containerPortal = EDBB01A727821BD00052A190 /* Project object */;
			proxyType = 1;
			remoteGlobalIDString = EDBB01AE27821BD00052A190;
			remoteInfo = ItEasy;
		};
		EDBB01D027821BD10052A190 /* PBXContainerItemProxy */ = {
			isa = PBXContainerItemProxy;
			containerPortal = EDBB01A727821BD00052A190 /* Project object */;
			proxyType = 1;
			remoteGlobalIDString = EDBB01AE27821BD00052A190;
			remoteInfo = ItEasy;
		};
/* End PBXContainerItemProxy section */

/* Begin PBXFileReference section */
		ED12345D2782909000ABF16E /* Launch Screen.storyboard */ = {isa = PBXFileReference; lastKnownFileType = file.storyboard; path = "Launch Screen.storyboard"; sourceTree = "<group>"; };
		ED152A1C278296A2008D73AC /* Main.storyboard */ = {isa = PBXFileReference; lastKnownFileType = file.storyboard; path = Main.storyboard; sourceTree = "<group>"; };
		ED5460BA278615240044BE04 /* RecipeSteps.swift */ = {isa = PBXFileReference; lastKnownFileType = sourcecode.swift; path = RecipeSteps.swift; sourceTree = "<group>"; };
		ED5460BC278623670044BE04 /* Home.swift */ = {isa = PBXFileReference; lastKnownFileType = sourcecode.swift; path = Home.swift; sourceTree = "<group>"; };
		ED5460BE278627830044BE04 /* Sender.swift */ = {isa = PBXFileReference; lastKnownFileType = sourcecode.swift; path = Sender.swift; sourceTree = "<group>"; };
		ED5460C0278643EB0044BE04 /* LoadingAuthViewController.swift */ = {isa = PBXFileReference; lastKnownFileType = sourcecode.swift; path = LoadingAuthViewController.swift; sourceTree = "<group>"; };
		ED5868492784ADA90092C0B5 /* RecipeCardImage.swift */ = {isa = PBXFileReference; lastKnownFileType = sourcecode.swift; path = RecipeCardImage.swift; sourceTree = "<group>"; };
		ED58684B2784B24F0092C0B5 /* ShadowView.swift */ = {isa = PBXFileReference; lastKnownFileType = sourcecode.swift; path = ShadowView.swift; sourceTree = "<group>"; };
		ED58684D2784C00D0092C0B5 /* CheckBox.swift */ = {isa = PBXFileReference; lastKnownFileType = sourcecode.swift; path = CheckBox.swift; sourceTree = "<group>"; };
		ED58684F2784C4F90092C0B5 /* IngredientCell.swift */ = {isa = PBXFileReference; lastKnownFileType = sourcecode.swift; path = IngredientCell.swift; sourceTree = "<group>"; };
		ED5868502784C4F90092C0B5 /* IngredientCell.xib */ = {isa = PBXFileReference; lastKnownFileType = file.xib; path = IngredientCell.xib; sourceTree = "<group>"; };
		ED5868562784F17F0092C0B5 /* PresentationController.swift */ = {isa = PBXFileReference; fileEncoding = 4; lastKnownFileType = sourcecode.swift; path = PresentationController.swift; sourceTree = "<group>"; };
		ED5868572784F17F0092C0B5 /* LoginView.xib */ = {isa = PBXFileReference; fileEncoding = 4; lastKnownFileType = file.xib; path = LoginView.xib; sourceTree = "<group>"; };
		ED5868582784F17F0092C0B5 /* RegisterView.xib */ = {isa = PBXFileReference; fileEncoding = 4; lastKnownFileType = file.xib; path = RegisterView.xib; sourceTree = "<group>"; };
		ED58685B2784F17F0092C0B5 /* Base */ = {isa = PBXFileReference; lastKnownFileType = file.storyboard; name = Base; path = Base.lproj/Auth.storyboard; sourceTree = "<group>"; };
		ED58685C2784F17F0092C0B5 /* SlideWindow.swift */ = {isa = PBXFileReference; fileEncoding = 4; lastKnownFileType = sourcecode.swift; path = SlideWindow.swift; sourceTree = "<group>"; };
		ED58685D2784F17F0092C0B5 /* LoginViewController.swift */ = {isa = PBXFileReference; fileEncoding = 4; lastKnownFileType = sourcecode.swift; path = LoginViewController.swift; sourceTree = "<group>"; };
		ED58685E2784F17F0092C0B5 /* AuthController.swift */ = {isa = PBXFileReference; fileEncoding = 4; lastKnownFileType = sourcecode.swift; path = AuthController.swift; sourceTree = "<group>"; };
		ED58685F2784F17F0092C0B5 /* RegisterViewController.swift */ = {isa = PBXFileReference; fileEncoding = 4; lastKnownFileType = sourcecode.swift; path = RegisterViewController.swift; sourceTree = "<group>"; };
		EDA02FCB27874D4F00BB5BBE /* GroceryListCell.swift */ = {isa = PBXFileReference; lastKnownFileType = sourcecode.swift; path = GroceryListCell.swift; sourceTree = "<group>"; };
		EDA02FCC27874D4F00BB5BBE /* GroceryListCell.xib */ = {isa = PBXFileReference; lastKnownFileType = file.xib; path = GroceryListCell.xib; sourceTree = "<group>"; };
		EDA02FCF2787528900BB5BBE /* RecipeModel.swift */ = {isa = PBXFileReference; lastKnownFileType = sourcecode.swift; path = RecipeModel.swift; sourceTree = "<group>"; };
		EDA5754B2783B8B800942E60 /* FilterViewController.swift */ = {isa = PBXFileReference; lastKnownFileType = sourcecode.swift; path = FilterViewController.swift; sourceTree = "<group>"; };
		EDA575512783CF0400942E60 /* RecieptListViewController.swift */ = {isa = PBXFileReference; lastKnownFileType = sourcecode.swift; path = RecieptListViewController.swift; sourceTree = "<group>"; };
		EDBB01AF27821BD00052A190 /* ItEasy.app */ = {isa = PBXFileReference; explicitFileType = wrapper.application; includeInIndex = 0; path = ItEasy.app; sourceTree = BUILT_PRODUCTS_DIR; };
		EDBB01B227821BD00052A190 /* AppDelegate.swift */ = {isa = PBXFileReference; lastKnownFileType = sourcecode.swift; path = AppDelegate.swift; sourceTree = "<group>"; };
		EDBB01B427821BD00052A190 /* SceneDelegate.swift */ = {isa = PBXFileReference; lastKnownFileType = sourcecode.swift; path = SceneDelegate.swift; sourceTree = "<group>"; };
		EDBB01BB27821BD00052A190 /* Assets.xcassets */ = {isa = PBXFileReference; lastKnownFileType = folder.assetcatalog; path = Assets.xcassets; sourceTree = "<group>"; };
		EDBB01C027821BD00052A190 /* Info.plist */ = {isa = PBXFileReference; lastKnownFileType = text.plist.xml; path = Info.plist; sourceTree = "<group>"; };
		EDBB01C527821BD10052A190 /* ItEasyTests.xctest */ = {isa = PBXFileReference; explicitFileType = wrapper.cfbundle; includeInIndex = 0; path = ItEasyTests.xctest; sourceTree = BUILT_PRODUCTS_DIR; };
		EDBB01C927821BD10052A190 /* ItEasyTests.swift */ = {isa = PBXFileReference; lastKnownFileType = sourcecode.swift; path = ItEasyTests.swift; sourceTree = "<group>"; };
		EDBB01CF27821BD10052A190 /* ItEasyUITests.xctest */ = {isa = PBXFileReference; explicitFileType = wrapper.cfbundle; includeInIndex = 0; path = ItEasyUITests.xctest; sourceTree = BUILT_PRODUCTS_DIR; };
		EDBB01D327821BD10052A190 /* ItEasyUITests.swift */ = {isa = PBXFileReference; lastKnownFileType = sourcecode.swift; path = ItEasyUITests.swift; sourceTree = "<group>"; };
		EDBB01D527821BD10052A190 /* ItEasyUITestsLaunchTests.swift */ = {isa = PBXFileReference; lastKnownFileType = sourcecode.swift; path = ItEasyUITestsLaunchTests.swift; sourceTree = "<group>"; };
		EDBB020627824E780052A190 /* ActualGradientButton.swift */ = {isa = PBXFileReference; lastKnownFileType = sourcecode.swift; path = ActualGradientButton.swift; sourceTree = "<group>"; };
		EDF8D0B62783E1B6009887D0 /* RecipeCard.swift */ = {isa = PBXFileReference; lastKnownFileType = sourcecode.swift; path = RecipeCard.swift; sourceTree = "<group>"; };
		EDF8D0BB2783E74B009887D0 /* RecieptCell.swift */ = {isa = PBXFileReference; lastKnownFileType = sourcecode.swift; path = RecieptCell.swift; sourceTree = "<group>"; };
		EDF8D0BC2783E74B009887D0 /* RecieptCell.xib */ = {isa = PBXFileReference; lastKnownFileType = file.xib; path = RecieptCell.xib; sourceTree = "<group>"; };
		EDF8D0C12783FC1C009887D0 /* RecipeCard.storyboard */ = {isa = PBXFileReference; lastKnownFileType = file.storyboard; path = RecipeCard.storyboard; sourceTree = "<group>"; };
/* End PBXFileReference section */

/* Begin PBXFrameworksBuildPhase section */
		EDBB01AC27821BD00052A190 /* Frameworks */ = {
			isa = PBXFrameworksBuildPhase;
			buildActionMask = 2147483647;
			files = (
				EDBB01E427822E570052A190 /* CardSlider in Frameworks */,
			);
			runOnlyForDeploymentPostprocessing = 0;
		};
		EDBB01C227821BD10052A190 /* Frameworks */ = {
			isa = PBXFrameworksBuildPhase;
			buildActionMask = 2147483647;
			files = (
			);
			runOnlyForDeploymentPostprocessing = 0;
		};
		EDBB01CC27821BD10052A190 /* Frameworks */ = {
			isa = PBXFrameworksBuildPhase;
			buildActionMask = 2147483647;
			files = (
			);
			runOnlyForDeploymentPostprocessing = 0;
		};
/* End PBXFrameworksBuildPhase section */

/* Begin PBXGroup section */
		ED5868552784F17F0092C0B5 /* auth */ = {
			isa = PBXGroup;
			children = (
				ED5868572784F17F0092C0B5 /* LoginView.xib */,
				ED58685D2784F17F0092C0B5 /* LoginViewController.swift */,
				ED5868582784F17F0092C0B5 /* RegisterView.xib */,
				ED58685F2784F17F0092C0B5 /* RegisterViewController.swift */,
				ED58685A2784F17F0092C0B5 /* Auth.storyboard */,
				ED58685E2784F17F0092C0B5 /* AuthController.swift */,
				ED5460C0278643EB0044BE04 /* LoadingAuthViewController.swift */,
				ED58685C2784F17F0092C0B5 /* SlideWindow.swift */,
			);
			path = auth;
			sourceTree = "<group>";
		};
		ED8EC181278501FD00420527 /* main */ = {
			isa = PBXGroup;
			children = (
				ED152A1C278296A2008D73AC /* Main.storyboard */,
				EDA575512783CF0400942E60 /* RecieptListViewController.swift */,
				ED5460BC278623670044BE04 /* Home.swift */,
			);
			path = main;
			sourceTree = "<group>";
		};
		EDA02FCA27874D2700BB5BBE /* grocery */ = {
			isa = PBXGroup;
			children = (
				EDA02FCB27874D4F00BB5BBE /* GroceryListCell.swift */,
				EDA02FCC27874D4F00BB5BBE /* GroceryListCell.xib */,
			);
			path = grocery;
			sourceTree = "<group>";
		};
		EDBB01A627821BD00052A190 = {
			isa = PBXGroup;
			children = (
				EDBB01B127821BD00052A190 /* ItEasy */,
				EDBB01C827821BD10052A190 /* ItEasyTests */,
				EDBB01D227821BD10052A190 /* ItEasyUITests */,
				EDBB01B027821BD00052A190 /* Products */,
			);
			sourceTree = "<group>";
		};
		EDBB01B027821BD00052A190 /* Products */ = {
			isa = PBXGroup;
			children = (
				EDBB01AF27821BD00052A190 /* ItEasy.app */,
				EDBB01C527821BD10052A190 /* ItEasyTests.xctest */,
				EDBB01CF27821BD10052A190 /* ItEasyUITests.xctest */,
			);
			name = Products;
			sourceTree = "<group>";
		};
		EDBB01B127821BD00052A190 /* ItEasy */ = {
			isa = PBXGroup;
			children = (
				EDA02FCA27874D2700BB5BBE /* grocery */,
				ED8EC181278501FD00420527 /* main */,
				EDF8D0BA2783E2EF009887D0 /* recipe */,
				ED5868552784F17F0092C0B5 /* auth */,
				EDF8D0C32784A9E1009887D0 /* util */,
				EDBB01B227821BD00052A190 /* AppDelegate.swift */,
				EDBB01B427821BD00052A190 /* SceneDelegate.swift */,
				ED12345D2782909000ABF16E /* Launch Screen.storyboard */,
				EDBB01BB27821BD00052A190 /* Assets.xcassets */,
				EDBB01C027821BD00052A190 /* Info.plist */,
				EDA5754B2783B8B800942E60 /* FilterViewController.swift */,
				EDA02FCF2787528900BB5BBE /* RecipeModel.swift */,
			);
			path = ItEasy;
			sourceTree = "<group>";
			usesTabs = 1;
		};
		EDBB01C827821BD10052A190 /* ItEasyTests */ = {
			isa = PBXGroup;
			children = (
				EDBB01C927821BD10052A190 /* ItEasyTests.swift */,
			);
			path = ItEasyTests;
			sourceTree = "<group>";
		};
		EDBB01D227821BD10052A190 /* ItEasyUITests */ = {
			isa = PBXGroup;
			children = (
				EDBB01D327821BD10052A190 /* ItEasyUITests.swift */,
				EDBB01D527821BD10052A190 /* ItEasyUITestsLaunchTests.swift */,
			);
			path = ItEasyUITests;
			sourceTree = "<group>";
		};
		EDF8D0BA2783E2EF009887D0 /* recipe */ = {
			isa = PBXGroup;
			children = (
				ED5460BA278615240044BE04 /* RecipeSteps.swift */,
				EDF8D0B62783E1B6009887D0 /* RecipeCard.swift */,
				EDF8D0C12783FC1C009887D0 /* RecipeCard.storyboard */,
				EDF8D0BB2783E74B009887D0 /* RecieptCell.swift */,
				EDF8D0BC2783E74B009887D0 /* RecieptCell.xib */,
				ED5868492784ADA90092C0B5 /* RecipeCardImage.swift */,
				ED58684F2784C4F90092C0B5 /* IngredientCell.swift */,
				ED5868502784C4F90092C0B5 /* IngredientCell.xib */,
			);
			path = recipe;
			sourceTree = "<group>";
		};
		EDF8D0C32784A9E1009887D0 /* util */ = {
			isa = PBXGroup;
			children = (
				ED5868562784F17F0092C0B5 /* PresentationController.swift */,
				EDBB020627824E780052A190 /* ActualGradientButton.swift */,
				ED58684B2784B24F0092C0B5 /* ShadowView.swift */,
				ED58684D2784C00D0092C0B5 /* CheckBox.swift */,
				ED5460BE278627830044BE04 /* Sender.swift */,
			);
			path = util;
			sourceTree = "<group>";
		};
/* End PBXGroup section */

/* Begin PBXNativeTarget section */
		EDBB01AE27821BD00052A190 /* ItEasy */ = {
			isa = PBXNativeTarget;
			buildConfigurationList = EDBB01D927821BD10052A190 /* Build configuration list for PBXNativeTarget "ItEasy" */;
			buildPhases = (
				EDBB01AB27821BD00052A190 /* Sources */,
				EDBB01AC27821BD00052A190 /* Frameworks */,
				EDBB01AD27821BD00052A190 /* Resources */,
			);
			buildRules = (
			);
			dependencies = (
			);
			name = ItEasy;
			packageProductDependencies = (
				EDBB01E327822E570052A190 /* CardSlider */,
			);
			productName = ItEasy;
			productReference = EDBB01AF27821BD00052A190 /* ItEasy.app */;
			productType = "com.apple.product-type.application";
		};
		EDBB01C427821BD10052A190 /* ItEasyTests */ = {
			isa = PBXNativeTarget;
			buildConfigurationList = EDBB01DC27821BD10052A190 /* Build configuration list for PBXNativeTarget "ItEasyTests" */;
			buildPhases = (
				EDBB01C127821BD10052A190 /* Sources */,
				EDBB01C227821BD10052A190 /* Frameworks */,
				EDBB01C327821BD10052A190 /* Resources */,
			);
			buildRules = (
			);
			dependencies = (
				EDBB01C727821BD10052A190 /* PBXTargetDependency */,
			);
			name = ItEasyTests;
			productName = ItEasyTests;
			productReference = EDBB01C527821BD10052A190 /* ItEasyTests.xctest */;
			productType = "com.apple.product-type.bundle.unit-test";
		};
		EDBB01CE27821BD10052A190 /* ItEasyUITests */ = {
			isa = PBXNativeTarget;
			buildConfigurationList = EDBB01DF27821BD10052A190 /* Build configuration list for PBXNativeTarget "ItEasyUITests" */;
			buildPhases = (
				EDBB01CB27821BD10052A190 /* Sources */,
				EDBB01CC27821BD10052A190 /* Frameworks */,
				EDBB01CD27821BD10052A190 /* Resources */,
			);
			buildRules = (
			);
			dependencies = (
				EDBB01D127821BD10052A190 /* PBXTargetDependency */,
			);
			name = ItEasyUITests;
			productName = ItEasyUITests;
			productReference = EDBB01CF27821BD10052A190 /* ItEasyUITests.xctest */;
			productType = "com.apple.product-type.bundle.ui-testing";
		};
/* End PBXNativeTarget section */

/* Begin PBXProject section */
		EDBB01A727821BD00052A190 /* Project object */ = {
			isa = PBXProject;
			attributes = {
				BuildIndependentTargetsInParallel = 1;
				LastSwiftUpdateCheck = 1320;
				LastUpgradeCheck = 1320;
				TargetAttributes = {
					EDBB01AE27821BD00052A190 = {
						CreatedOnToolsVersion = 13.2.1;
					};
					EDBB01C427821BD10052A190 = {
						CreatedOnToolsVersion = 13.2.1;
						TestTargetID = EDBB01AE27821BD00052A190;
					};
					EDBB01CE27821BD10052A190 = {
						CreatedOnToolsVersion = 13.2.1;
						TestTargetID = EDBB01AE27821BD00052A190;
					};
				};
			};
			buildConfigurationList = EDBB01AA27821BD00052A190 /* Build configuration list for PBXProject "ItEasy" */;
			compatibilityVersion = "Xcode 13.0";
			developmentRegion = en;
			hasScannedForEncodings = 0;
			knownRegions = (
				en,
				Base,
			);
			mainGroup = EDBB01A627821BD00052A190;
			packageReferences = (
				EDBB01E227822E570052A190 /* XCRemoteSwiftPackageReference "cardslider" */,
			);
			productRefGroup = EDBB01B027821BD00052A190 /* Products */;
			projectDirPath = "";
			projectRoot = "";
			targets = (
				EDBB01AE27821BD00052A190 /* ItEasy */,
				EDBB01C427821BD10052A190 /* ItEasyTests */,
				EDBB01CE27821BD10052A190 /* ItEasyUITests */,
			);
		};
/* End PBXProject section */

/* Begin PBXResourcesBuildPhase section */
		EDBB01AD27821BD00052A190 /* Resources */ = {
			isa = PBXResourcesBuildPhase;
			buildActionMask = 2147483647;
			files = (
				ED5868642784F17F0092C0B5 /* Auth.storyboard in Resources */,
				ED12345E2782909000ABF16E /* Launch Screen.storyboard in Resources */,
				ED5868622784F17F0092C0B5 /* RegisterView.xib in Resources */,
				EDBB01BC27821BD00052A190 /* Assets.xcassets in Resources */,
				ED152A1D278296A2008D73AC /* Main.storyboard in Resources */,
				ED5868612784F17F0092C0B5 /* LoginView.xib in Resources */,
				ED5868522784C4F90092C0B5 /* IngredientCell.xib in Resources */,
				EDF8D0C22783FC1C009887D0 /* RecipeCard.storyboard in Resources */,
				EDF8D0BE2783E74B009887D0 /* RecieptCell.xib in Resources */,
				EDA02FCE27874D4F00BB5BBE /* GroceryListCell.xib in Resources */,
			);
			runOnlyForDeploymentPostprocessing = 0;
		};
		EDBB01C327821BD10052A190 /* Resources */ = {
			isa = PBXResourcesBuildPhase;
			buildActionMask = 2147483647;
			files = (
			);
			runOnlyForDeploymentPostprocessing = 0;
		};
		EDBB01CD27821BD10052A190 /* Resources */ = {
			isa = PBXResourcesBuildPhase;
			buildActionMask = 2147483647;
			files = (
			);
			runOnlyForDeploymentPostprocessing = 0;
		};
/* End PBXResourcesBuildPhase section */

/* Begin PBXSourcesBuildPhase section */
		EDBB01AB27821BD00052A190 /* Sources */ = {
			isa = PBXSourcesBuildPhase;
			buildActionMask = 2147483647;
			files = (
				ED58684E2784C00D0092C0B5 /* CheckBox.swift in Sources */,
				EDA02FD02787528900BB5BBE /* RecipeModel.swift in Sources */,
				ED5460C1278643EB0044BE04 /* LoadingAuthViewController.swift in Sources */,
				EDBB020727824E780052A190 /* ActualGradientButton.swift in Sources */,
				ED5868662784F17F0092C0B5 /* LoginViewController.swift in Sources */,
				ED5460BF278627830044BE04 /* Sender.swift in Sources */,
				EDA02FCD27874D4F00BB5BBE /* GroceryListCell.swift in Sources */,
				EDA575522783CF0400942E60 /* RecieptListViewController.swift in Sources */,
				ED5460BD278623670044BE04 /* Home.swift in Sources */,
				ED5868672784F17F0092C0B5 /* AuthController.swift in Sources */,
				EDF8D0B72783E1B6009887D0 /* RecipeCard.swift in Sources */,
				EDBB01B327821BD00052A190 /* AppDelegate.swift in Sources */,
				EDA5754C2783B8B800942E60 /* FilterViewController.swift in Sources */,
				ED58684A2784ADA90092C0B5 /* RecipeCardImage.swift in Sources */,
				ED5460BB278615240044BE04 /* RecipeSteps.swift in Sources */,
				EDF8D0BD2783E74B009887D0 /* RecieptCell.swift in Sources */,
				ED58684C2784B24F0092C0B5 /* ShadowView.swift in Sources */,
				EDBB01B527821BD00052A190 /* SceneDelegate.swift in Sources */,
				ED5868682784F17F0092C0B5 /* RegisterViewController.swift in Sources */,
				ED5868652784F17F0092C0B5 /* SlideWindow.swift in Sources */,
				ED5868512784C4F90092C0B5 /* IngredientCell.swift in Sources */,
				ED5868602784F17F0092C0B5 /* PresentationController.swift in Sources */,
			);
			runOnlyForDeploymentPostprocessing = 0;
		};
		EDBB01C127821BD10052A190 /* Sources */ = {
			isa = PBXSourcesBuildPhase;
			buildActionMask = 2147483647;
			files = (
				EDBB01CA27821BD10052A190 /* ItEasyTests.swift in Sources */,
			);
			runOnlyForDeploymentPostprocessing = 0;
		};
		EDBB01CB27821BD10052A190 /* Sources */ = {
			isa = PBXSourcesBuildPhase;
			buildActionMask = 2147483647;
			files = (
				EDBB01D427821BD10052A190 /* ItEasyUITests.swift in Sources */,
				EDBB01D627821BD10052A190 /* ItEasyUITestsLaunchTests.swift in Sources */,
			);
			runOnlyForDeploymentPostprocessing = 0;
		};
/* End PBXSourcesBuildPhase section */

/* Begin PBXTargetDependency section */
		EDBB01C727821BD10052A190 /* PBXTargetDependency */ = {
			isa = PBXTargetDependency;
			target = EDBB01AE27821BD00052A190 /* ItEasy */;
			targetProxy = EDBB01C627821BD10052A190 /* PBXContainerItemProxy */;
		};
		EDBB01D127821BD10052A190 /* PBXTargetDependency */ = {
			isa = PBXTargetDependency;
			target = EDBB01AE27821BD00052A190 /* ItEasy */;
			targetProxy = EDBB01D027821BD10052A190 /* PBXContainerItemProxy */;
		};
/* End PBXTargetDependency section */

/* Begin PBXVariantGroup section */
		ED58685A2784F17F0092C0B5 /* Auth.storyboard */ = {
			isa = PBXVariantGroup;
			children = (
				ED58685B2784F17F0092C0B5 /* Base */,
			);
			name = Auth.storyboard;
			sourceTree = "<group>";
		};
/* End PBXVariantGroup section */

/* Begin XCBuildConfiguration section */
		EDBB01D727821BD10052A190 /* Debug */ = {
			isa = XCBuildConfiguration;
			buildSettings = {
				ALWAYS_SEARCH_USER_PATHS = NO;
				CLANG_ANALYZER_NONNULL = YES;
				CLANG_ANALYZER_NUMBER_OBJECT_CONVERSION = YES_AGGRESSIVE;
				CLANG_CXX_LANGUAGE_STANDARD = "gnu++17";
				CLANG_CXX_LIBRARY = "libc++";
				CLANG_ENABLE_MODULES = YES;
				CLANG_ENABLE_OBJC_ARC = YES;
				CLANG_ENABLE_OBJC_WEAK = YES;
				CLANG_WARN_BLOCK_CAPTURE_AUTORELEASING = YES;
				CLANG_WARN_BOOL_CONVERSION = YES;
				CLANG_WARN_COMMA = YES;
				CLANG_WARN_CONSTANT_CONVERSION = YES;
				CLANG_WARN_DEPRECATED_OBJC_IMPLEMENTATIONS = YES;
				CLANG_WARN_DIRECT_OBJC_ISA_USAGE = YES_ERROR;
				CLANG_WARN_DOCUMENTATION_COMMENTS = YES;
				CLANG_WARN_EMPTY_BODY = YES;
				CLANG_WARN_ENUM_CONVERSION = YES;
				CLANG_WARN_INFINITE_RECURSION = YES;
				CLANG_WARN_INT_CONVERSION = YES;
				CLANG_WARN_NON_LITERAL_NULL_CONVERSION = YES;
				CLANG_WARN_OBJC_IMPLICIT_RETAIN_SELF = YES;
				CLANG_WARN_OBJC_LITERAL_CONVERSION = YES;
				CLANG_WARN_OBJC_ROOT_CLASS = YES_ERROR;
				CLANG_WARN_QUOTED_INCLUDE_IN_FRAMEWORK_HEADER = YES;
				CLANG_WARN_RANGE_LOOP_ANALYSIS = YES;
				CLANG_WARN_STRICT_PROTOTYPES = YES;
				CLANG_WARN_SUSPICIOUS_MOVE = YES;
				CLANG_WARN_UNGUARDED_AVAILABILITY = YES_AGGRESSIVE;
				CLANG_WARN_UNREACHABLE_CODE = YES;
				CLANG_WARN__DUPLICATE_METHOD_MATCH = YES;
				COPY_PHASE_STRIP = NO;
				DEBUG_INFORMATION_FORMAT = dwarf;
				ENABLE_STRICT_OBJC_MSGSEND = YES;
				ENABLE_TESTABILITY = YES;
				GCC_C_LANGUAGE_STANDARD = gnu11;
				GCC_DYNAMIC_NO_PIC = NO;
				GCC_NO_COMMON_BLOCKS = YES;
				GCC_OPTIMIZATION_LEVEL = 0;
				GCC_PREPROCESSOR_DEFINITIONS = (
					"DEBUG=1",
					"$(inherited)",
				);
				GCC_WARN_64_TO_32_BIT_CONVERSION = YES;
				GCC_WARN_ABOUT_RETURN_TYPE = YES_ERROR;
				GCC_WARN_UNDECLARED_SELECTOR = YES;
				GCC_WARN_UNINITIALIZED_AUTOS = YES_AGGRESSIVE;
				GCC_WARN_UNUSED_FUNCTION = YES;
				GCC_WARN_UNUSED_VARIABLE = YES;
				IPHONEOS_DEPLOYMENT_TARGET = 15.2;
				MTL_ENABLE_DEBUG_INFO = INCLUDE_SOURCE;
				MTL_FAST_MATH = YES;
				ONLY_ACTIVE_ARCH = YES;
				SDKROOT = iphoneos;
				SWIFT_ACTIVE_COMPILATION_CONDITIONS = DEBUG;
				SWIFT_OPTIMIZATION_LEVEL = "-Onone";
			};
			name = Debug;
		};
		EDBB01D827821BD10052A190 /* Release */ = {
			isa = XCBuildConfiguration;
			buildSettings = {
				ALWAYS_SEARCH_USER_PATHS = NO;
				CLANG_ANALYZER_NONNULL = YES;
				CLANG_ANALYZER_NUMBER_OBJECT_CONVERSION = YES_AGGRESSIVE;
				CLANG_CXX_LANGUAGE_STANDARD = "gnu++17";
				CLANG_CXX_LIBRARY = "libc++";
				CLANG_ENABLE_MODULES = YES;
				CLANG_ENABLE_OBJC_ARC = YES;
				CLANG_ENABLE_OBJC_WEAK = YES;
				CLANG_WARN_BLOCK_CAPTURE_AUTORELEASING = YES;
				CLANG_WARN_BOOL_CONVERSION = YES;
				CLANG_WARN_COMMA = YES;
				CLANG_WARN_CONSTANT_CONVERSION = YES;
				CLANG_WARN_DEPRECATED_OBJC_IMPLEMENTATIONS = YES;
				CLANG_WARN_DIRECT_OBJC_ISA_USAGE = YES_ERROR;
				CLANG_WARN_DOCUMENTATION_COMMENTS = YES;
				CLANG_WARN_EMPTY_BODY = YES;
				CLANG_WARN_ENUM_CONVERSION = YES;
				CLANG_WARN_INFINITE_RECURSION = YES;
				CLANG_WARN_INT_CONVERSION = YES;
				CLANG_WARN_NON_LITERAL_NULL_CONVERSION = YES;
				CLANG_WARN_OBJC_IMPLICIT_RETAIN_SELF = YES;
				CLANG_WARN_OBJC_LITERAL_CONVERSION = YES;
				CLANG_WARN_OBJC_ROOT_CLASS = YES_ERROR;
				CLANG_WARN_QUOTED_INCLUDE_IN_FRAMEWORK_HEADER = YES;
				CLANG_WARN_RANGE_LOOP_ANALYSIS = YES;
				CLANG_WARN_STRICT_PROTOTYPES = YES;
				CLANG_WARN_SUSPICIOUS_MOVE = YES;
				CLANG_WARN_UNGUARDED_AVAILABILITY = YES_AGGRESSIVE;
				CLANG_WARN_UNREACHABLE_CODE = YES;
				CLANG_WARN__DUPLICATE_METHOD_MATCH = YES;
				COPY_PHASE_STRIP = NO;
				DEBUG_INFORMATION_FORMAT = "dwarf-with-dsym";
				ENABLE_NS_ASSERTIONS = NO;
				ENABLE_STRICT_OBJC_MSGSEND = YES;
				GCC_C_LANGUAGE_STANDARD = gnu11;
				GCC_NO_COMMON_BLOCKS = YES;
				GCC_WARN_64_TO_32_BIT_CONVERSION = YES;
				GCC_WARN_ABOUT_RETURN_TYPE = YES_ERROR;
				GCC_WARN_UNDECLARED_SELECTOR = YES;
				GCC_WARN_UNINITIALIZED_AUTOS = YES_AGGRESSIVE;
				GCC_WARN_UNUSED_FUNCTION = YES;
				GCC_WARN_UNUSED_VARIABLE = YES;
				IPHONEOS_DEPLOYMENT_TARGET = 15.2;
				MTL_ENABLE_DEBUG_INFO = NO;
				MTL_FAST_MATH = YES;
				SDKROOT = iphoneos;
				SWIFT_COMPILATION_MODE = wholemodule;
				SWIFT_OPTIMIZATION_LEVEL = "-O";
				VALIDATE_PRODUCT = YES;
			};
			name = Release;
		};
		EDBB01DA27821BD10052A190 /* Debug */ = {
			isa = XCBuildConfiguration;
			buildSettings = {
				ASSETCATALOG_COMPILER_APPICON_NAME = AppIcon;
				ASSETCATALOG_COMPILER_GLOBAL_ACCENT_COLOR_NAME = AccentColor;
				ASSETCATALOG_COMPILER_INCLUDE_ALL_APPICON_ASSETS = NO;
				CODE_SIGN_STYLE = Automatic;
				CURRENT_PROJECT_VERSION = 1;
				DEVELOPMENT_TEAM = 2B4C5W3J38;
				GENERATE_INFOPLIST_FILE = YES;
				INFOPLIST_FILE = ItEasy/Info.plist;
				INFOPLIST_KEY_UIApplicationSupportsIndirectInputEvents = YES;
				INFOPLIST_KEY_UILaunchStoryboardName = "Launch Screen";
				INFOPLIST_KEY_UIMainStoryboardFile = Auth;
				INFOPLIST_KEY_UIStatusBarHidden = NO;
				INFOPLIST_KEY_UISupportedInterfaceOrientations = UIInterfaceOrientationPortrait;
				INFOPLIST_KEY_UISupportedInterfaceOrientations_iPad = "UIInterfaceOrientationPortrait UIInterfaceOrientationPortraitUpsideDown UIInterfaceOrientationLandscapeLeft UIInterfaceOrientationLandscapeRight";
				INFOPLIST_KEY_UISupportedInterfaceOrientations_iPhone = "UIInterfaceOrientationPortrait UIInterfaceOrientationLandscapeLeft UIInterfaceOrientationLandscapeRight";
				LD_RUNPATH_SEARCH_PATHS = (
					"$(inherited)",
					"@executable_path/Frameworks",
				);
				MARKETING_VERSION = 1.0;
				PRODUCT_BUNDLE_IDENTIFIER = ru.ifmo.ItEasy;
				PRODUCT_NAME = "$(TARGET_NAME)";
				SWIFT_EMIT_LOC_STRINGS = YES;
				SWIFT_VERSION = 5.0;
				TARGETED_DEVICE_FAMILY = 1;
			};
			name = Debug;
		};
		EDBB01DB27821BD10052A190 /* Release */ = {
			isa = XCBuildConfiguration;
			buildSettings = {
				ASSETCATALOG_COMPILER_APPICON_NAME = AppIcon;
				ASSETCATALOG_COMPILER_GLOBAL_ACCENT_COLOR_NAME = AccentColor;
				ASSETCATALOG_COMPILER_INCLUDE_ALL_APPICON_ASSETS = NO;
				CODE_SIGN_STYLE = Automatic;
				CURRENT_PROJECT_VERSION = 1;
				DEVELOPMENT_TEAM = 2B4C5W3J38;
				GENERATE_INFOPLIST_FILE = YES;
				INFOPLIST_FILE = ItEasy/Info.plist;
				INFOPLIST_KEY_UIApplicationSupportsIndirectInputEvents = YES;
				INFOPLIST_KEY_UILaunchStoryboardName = "Launch Screen";
				INFOPLIST_KEY_UIMainStoryboardFile = Auth;
				INFOPLIST_KEY_UIStatusBarHidden = NO;
				INFOPLIST_KEY_UISupportedInterfaceOrientations = UIInterfaceOrientationPortrait;
				INFOPLIST_KEY_UISupportedInterfaceOrientations_iPad = "UIInterfaceOrientationPortrait UIInterfaceOrientationPortraitUpsideDown UIInterfaceOrientationLandscapeLeft UIInterfaceOrientationLandscapeRight";
				INFOPLIST_KEY_UISupportedInterfaceOrientations_iPhone = "UIInterfaceOrientationPortrait UIInterfaceOrientationLandscapeLeft UIInterfaceOrientationLandscapeRight";
				LD_RUNPATH_SEARCH_PATHS = (
					"$(inherited)",
					"@executable_path/Frameworks",
				);
				MARKETING_VERSION = 1.0;
				PRODUCT_BUNDLE_IDENTIFIER = ru.ifmo.ItEasy;
				PRODUCT_NAME = "$(TARGET_NAME)";
				SWIFT_EMIT_LOC_STRINGS = YES;
				SWIFT_VERSION = 5.0;
				TARGETED_DEVICE_FAMILY = 1;
			};
			name = Release;
		};
		EDBB01DD27821BD10052A190 /* Debug */ = {
			isa = XCBuildConfiguration;
			buildSettings = {
				ALWAYS_EMBED_SWIFT_STANDARD_LIBRARIES = YES;
				BUNDLE_LOADER = "$(TEST_HOST)";
				CODE_SIGN_STYLE = Automatic;
				CURRENT_PROJECT_VERSION = 1;
				DEVELOPMENT_TEAM = 2B4C5W3J38;
				GENERATE_INFOPLIST_FILE = YES;
				IPHONEOS_DEPLOYMENT_TARGET = 15.2;
				MARKETING_VERSION = 1.0;
				PRODUCT_BUNDLE_IDENTIFIER = ru.ifmo.ItEasyTests;
				PRODUCT_NAME = "$(TARGET_NAME)";
				SWIFT_EMIT_LOC_STRINGS = NO;
				SWIFT_VERSION = 5.0;
				TARGETED_DEVICE_FAMILY = "1,2";
				TEST_HOST = "$(BUILT_PRODUCTS_DIR)/ItEasy.app/ItEasy";
			};
			name = Debug;
		};
		EDBB01DE27821BD10052A190 /* Release */ = {
			isa = XCBuildConfiguration;
			buildSettings = {
				ALWAYS_EMBED_SWIFT_STANDARD_LIBRARIES = YES;
				BUNDLE_LOADER = "$(TEST_HOST)";
				CODE_SIGN_STYLE = Automatic;
				CURRENT_PROJECT_VERSION = 1;
				DEVELOPMENT_TEAM = 2B4C5W3J38;
				GENERATE_INFOPLIST_FILE = YES;
				IPHONEOS_DEPLOYMENT_TARGET = 15.2;
				MARKETING_VERSION = 1.0;
				PRODUCT_BUNDLE_IDENTIFIER = ru.ifmo.ItEasyTests;
				PRODUCT_NAME = "$(TARGET_NAME)";
				SWIFT_EMIT_LOC_STRINGS = NO;
				SWIFT_VERSION = 5.0;
				TARGETED_DEVICE_FAMILY = "1,2";
				TEST_HOST = "$(BUILT_PRODUCTS_DIR)/ItEasy.app/ItEasy";
			};
			name = Release;
		};
		EDBB01E027821BD10052A190 /* Debug */ = {
			isa = XCBuildConfiguration;
			buildSettings = {
				ALWAYS_EMBED_SWIFT_STANDARD_LIBRARIES = YES;
				CODE_SIGN_STYLE = Automatic;
				CURRENT_PROJECT_VERSION = 1;
				DEVELOPMENT_TEAM = 2B4C5W3J38;
				GENERATE_INFOPLIST_FILE = YES;
				MARKETING_VERSION = 1.0;
				PRODUCT_BUNDLE_IDENTIFIER = ru.ifmo.ItEasyUITests;
				PRODUCT_NAME = "$(TARGET_NAME)";
				SWIFT_EMIT_LOC_STRINGS = NO;
				SWIFT_VERSION = 5.0;
				TARGETED_DEVICE_FAMILY = "1,2";
				TEST_TARGET_NAME = ItEasy;
			};
			name = Debug;
		};
		EDBB01E127821BD10052A190 /* Release */ = {
			isa = XCBuildConfiguration;
			buildSettings = {
				ALWAYS_EMBED_SWIFT_STANDARD_LIBRARIES = YES;
				CODE_SIGN_STYLE = Automatic;
				CURRENT_PROJECT_VERSION = 1;
				DEVELOPMENT_TEAM = 2B4C5W3J38;
				GENERATE_INFOPLIST_FILE = YES;
				MARKETING_VERSION = 1.0;
				PRODUCT_BUNDLE_IDENTIFIER = ru.ifmo.ItEasyUITests;
				PRODUCT_NAME = "$(TARGET_NAME)";
				SWIFT_EMIT_LOC_STRINGS = NO;
				SWIFT_VERSION = 5.0;
				TARGETED_DEVICE_FAMILY = "1,2";
				TEST_TARGET_NAME = ItEasy;
			};
			name = Release;
		};
/* End XCBuildConfiguration section */

/* Begin XCConfigurationList section */
		EDBB01AA27821BD00052A190 /* Build configuration list for PBXProject "ItEasy" */ = {
			isa = XCConfigurationList;
			buildConfigurations = (
				EDBB01D727821BD10052A190 /* Debug */,
				EDBB01D827821BD10052A190 /* Release */,
			);
			defaultConfigurationIsVisible = 0;
			defaultConfigurationName = Release;
		};
		EDBB01D927821BD10052A190 /* Build configuration list for PBXNativeTarget "ItEasy" */ = {
			isa = XCConfigurationList;
			buildConfigurations = (
				EDBB01DA27821BD10052A190 /* Debug */,
				EDBB01DB27821BD10052A190 /* Release */,
			);
			defaultConfigurationIsVisible = 0;
			defaultConfigurationName = Release;
		};
		EDBB01DC27821BD10052A190 /* Build configuration list for PBXNativeTarget "ItEasyTests" */ = {
			isa = XCConfigurationList;
			buildConfigurations = (
				EDBB01DD27821BD10052A190 /* Debug */,
				EDBB01DE27821BD10052A190 /* Release */,
			);
			defaultConfigurationIsVisible = 0;
			defaultConfigurationName = Release;
		};
		EDBB01DF27821BD10052A190 /* Build configuration list for PBXNativeTarget "ItEasyUITests" */ = {
			isa = XCConfigurationList;
			buildConfigurations = (
				EDBB01E027821BD10052A190 /* Debug */,
				EDBB01E127821BD10052A190 /* Release */,
			);
			defaultConfigurationIsVisible = 0;
			defaultConfigurationName = Release;
		};
/* End XCConfigurationList section */

/* Begin XCRemoteSwiftPackageReference section */
		EDBB01E227822E570052A190 /* XCRemoteSwiftPackageReference "cardslider" */ = {
			isa = XCRemoteSwiftPackageReference;
			repositoryURL = "https://github.com/Ramotion/cardslider";
			requirement = {
				kind = upToNextMajorVersion;
				minimumVersion = 0.1.0;
			};
		};
/* End XCRemoteSwiftPackageReference section */

/* Begin XCSwiftPackageProductDependency section */
		EDBB01E327822E570052A190 /* CardSlider */ = {
			isa = XCSwiftPackageProductDependency;
			package = EDBB01E227822E570052A190 /* XCRemoteSwiftPackageReference "cardslider" */;
			productName = CardSlider;
		};
/* End XCSwiftPackageProductDependency section */
	};
	rootObject = EDBB01A727821BD00052A190 /* Project object */;
}
